
Microsoft Visual Studio Solution File, Format Version 12.00
# Visual Studio Version 16
VisualStudioVersion = 16.0.31321.278
MinimumVisualStudioVersion = 10.0.40219.1
Project("{FAE04EC0-301F-11D3-BF4B-00C04F79EFBC}") = "ProjetoPaises", "ProjetoPaises\ProjetoPaises.csproj", "{1640D0C0-9AA9-489C-BDCC-4BB53158F17B}"
EndProject
Global
	GlobalSection(SolutionConfigurationPlatforms) = preSolution
		Debug|Any CPU = Debug|Any CPU
		Release|Any CPU = Release|Any CPU
	EndGlobalSection
	GlobalSection(ProjectConfigurationPlatforms) = postSolution
		{1640D0C0-9AA9-489C-BDCC-4BB53158F17B}.Debug|Any CPU.ActiveCfg = Debug|Any CPU
		{1640D0C0-9AA9-489C-BDCC-4BB53158F17B}.Debug|Any CPU.Build.0 = Debug|Any CPU
		{1640D0C0-9AA9-489C-BDCC-4BB53158F17B}.Release|Any CPU.ActiveCfg = Release|Any CPU
		{1640D0C0-9AA9-489C-BDCC-4BB53158F17B}.Release|Any CPU.Build.0 = Release|Any CPU
	EndGlobalSection
	GlobalSection(SolutionProperties) = preSolution
		HideSolutionNode = FALSE
	EndGlobalSection
	GlobalSection(ExtensibilityGlobals) = postSolution
		SolutionGuid = {97E59536-D9A1-4D84-B2A2-B45367517D47}
	EndGlobalSection
EndGlobal
